
Microsoft Visual Studio Solution File, Format Version 12.00
# Visual Studio 15
VisualStudioVersion = 15.0.28307.902
MinimumVisualStudioVersion = 10.0.40219.1
Project("{FAE04EC0-301F-11D3-BF4B-00C04F79EFBC}") = "App4.Android", "App4\App4.Android\App4.Android.csproj", "{BAE66D5E-E85B-440F-B782-40EB642E2C65}"
EndProject
Project("{FAE04EC0-301F-11D3-BF4B-00C04F79EFBC}") = "App4.iOS", "App4\App4.iOS\App4.iOS.csproj", "{1E16499A-8B79-43D4-A599-230F496841F2}"
EndProject
Project("{FAE04EC0-301F-11D3-BF4B-00C04F79EFBC}") = "App4", "App4\App4\App4.csproj", "{7A659349-0186-4BCF-9E29-28F57ABFE897}"
EndProject
Global
	GlobalSection(SolutionConfigurationPlatforms) = preSolution
		Ad-Hoc|Any CPU = Ad-Hoc|Any CPU
		Ad-Hoc|iPhone = Ad-Hoc|iPhone
		Ad-Hoc|iPhoneSimulator = Ad-Hoc|iPhoneSimulator
		AppStore|Any CPU = AppStore|Any CPU
		AppStore|iPhone = AppStore|iPhone
		AppStore|iPhoneSimulator = AppStore|iPhoneSimulator
		Debug|Any CPU = Debug|Any CPU
		Debug|iPhone = Debug|iPhone
		Debug|iPhoneSimulator = Debug|iPhoneSimulator
		Release|Any CPU = Release|Any CPU
		Release|iPhone = Release|iPhone
		Release|iPhoneSimulator = Release|iPhoneSimulator
	EndGlobalSection
	GlobalSection(ProjectConfigurationPlatforms) = postSolution
		{BAE66D5E-E85B-440F-B782-40EB642E2C65}.Ad-Hoc|Any CPU.ActiveCfg = Release|Any CPU
		{BAE66D5E-E85B-440F-B782-40EB642E2C65}.Ad-Hoc|Any CPU.Build.0 = Release|Any CPU
		{BAE66D5E-E85B-440F-B782-40EB642E2C65}.Ad-Hoc|Any CPU.Deploy.0 = Release|Any CPU
		{BAE66D5E-E85B-440F-B782-40EB642E2C65}.Ad-Hoc|iPhone.ActiveCfg = Release|Any CPU
		{BAE66D5E-E85B-440F-B782-40EB642E2C65}.Ad-Hoc|iPhone.Build.0 = Release|Any CPU
		{BAE66D5E-E85B-440F-B782-40EB642E2C65}.Ad-Hoc|iPhone.Deploy.0 = Release|Any CPU
		{BAE66D5E-E85B-440F-B782-40EB642E2C65}.Ad-Hoc|iPhoneSimulator.ActiveCfg = Release|Any CPU
		{BAE66D5E-E85B-440F-B782-40EB642E2C65}.Ad-Hoc|iPhoneSimulator.Build.0 = Release|Any CPU
		{BAE66D5E-E85B-440F-B782-40EB642E2C65}.Ad-Hoc|iPhoneSimulator.Deploy.0 = Release|Any CPU
		{BAE66D5E-E85B-440F-B782-40EB642E2C65}.AppStore|Any CPU.ActiveCfg = Release|Any CPU
		{BAE66D5E-E85B-440F-B782-40EB642E2C65}.AppStore|Any CPU.Build.0 = Release|Any CPU
		{BAE66D5E-E85B-440F-B782-40EB642E2C65}.AppStore|Any CPU.Deploy.0 = Release|Any CPU
		{BAE66D5E-E85B-440F-B782-40EB642E2C65}.AppStore|iPhone.ActiveCfg = Release|Any CPU
		{BAE66D5E-E85B-440F-B782-40EB642E2C65}.AppStore|iPhone.Build.0 = Release|Any CPU
		{BAE66D5E-E85B-440F-B782-40EB642E2C65}.AppStore|iPhone.Deploy.0 = Release|Any CPU
		{BAE66D5E-E85B-440F-B782-40EB642E2C65}.AppStore|iPhoneSimulator.ActiveCfg = Release|Any CPU
		{BAE66D5E-E85B-440F-B782-40EB642E2C65}.AppStore|iPhoneSimulator.Build.0 = Release|Any CPU
		{BAE66D5E-E85B-440F-B782-40EB642E2C65}.AppStore|iPhoneSimulator.Deploy.0 = Release|Any CPU
		{BAE66D5E-E85B-440F-B782-40EB642E2C65}.Debug|Any CPU.ActiveCfg = Debug|Any CPU
		{BAE66D5E-E85B-440F-B782-40EB642E2C65}.Debug|Any CPU.Build.0 = Debug|Any CPU
		{BAE66D5E-E85B-440F-B782-40EB642E2C65}.Debug|Any CPU.Deploy.0 = Debug|Any CPU
		{BAE66D5E-E85B-440F-B782-40EB642E2C65}.Debug|iPhone.ActiveCfg = Debug|Any CPU
		{BAE66D5E-E85B-440F-B782-40EB642E2C65}.Debug|iPhone.Build.0 = Debug|Any CPU
		{BAE66D5E-E85B-440F-B782-40EB642E2C65}.Debug|iPhone.Deploy.0 = Debug|Any CPU
		{BAE66D5E-E85B-440F-B782-40EB642E2C65}.Debug|iPhoneSimulator.ActiveCfg = Debug|Any CPU
		{BAE66D5E-E85B-440F-B782-40EB642E2C65}.Debug|iPhoneSimulator.Build.0 = Debug|Any CPU
		{BAE66D5E-E85B-440F-B782-40EB642E2C65}.Debug|iPhoneSimulator.Deploy.0 = Debug|Any CPU
		{BAE66D5E-E85B-440F-B782-40EB642E2C65}.Release|Any CPU.ActiveCfg = Release|Any CPU
		{BAE66D5E-E85B-440F-B782-40EB642E2C65}.Release|Any CPU.Build.0 = Release|Any CPU
		{BAE66D5E-E85B-440F-B782-40EB642E2C65}.Release|Any CPU.Deploy.0 = Release|Any CPU
		{BAE66D5E-E85B-440F-B782-40EB642E2C65}.Release|iPhone.ActiveCfg = Release|Any CPU
		{BAE66D5E-E85B-440F-B782-40EB642E2C65}.Release|iPhone.Build.0 = Release|Any CPU
		{BAE66D5E-E85B-440F-B782-40EB642E2C65}.Release|iPhone.Deploy.0 = Release|Any CPU
		{BAE66D5E-E85B-440F-B782-40EB642E2C65}.Release|iPhoneSimulator.ActiveCfg = Release|Any CPU
		{BAE66D5E-E85B-440F-B782-40EB642E2C65}.Release|iPhoneSimulator.Build.0 = Release|Any CPU
		{BAE66D5E-E85B-440F-B782-40EB642E2C65}.Release|iPhoneSimulator.Deploy.0 = Release|Any CPU
		{1E16499A-8B79-43D4-A599-230F496841F2}.Ad-Hoc|Any CPU.ActiveCfg = Ad-Hoc|iPhone
		{1E16499A-8B79-43D4-A599-230F496841F2}.Ad-Hoc|Any CPU.Build.0 = Ad-Hoc|iPhone
		{1E16499A-8B79-43D4-A599-230F496841F2}.Ad-Hoc|Any CPU.Deploy.0 = Ad-Hoc|iPhone
		{1E16499A-8B79-43D4-A599-230F496841F2}.Ad-Hoc|iPhone.ActiveCfg = Ad-Hoc|iPhone
		{1E16499A-8B79-43D4-A599-230F496841F2}.Ad-Hoc|iPhone.Build.0 = Ad-Hoc|iPhone
		{1E16499A-8B79-43D4-A599-230F496841F2}.Ad-Hoc|iPhone.Deploy.0 = Ad-Hoc|iPhone
		{1E16499A-8B79-43D4-A599-230F496841F2}.Ad-Hoc|iPhoneSimulator.ActiveCfg = Ad-Hoc|iPhoneSimulator
		{1E16499A-8B79-43D4-A599-230F496841F2}.Ad-Hoc|iPhoneSimulator.Build.0 = Ad-Hoc|iPhoneSimulator
		{1E16499A-8B79-43D4-A599-230F496841F2}.Ad-Hoc|iPhoneSimulator.Deploy.0 = Ad-Hoc|iPhoneSimulator
		{1E16499A-8B79-43D4-A599-230F496841F2}.AppStore|Any CPU.ActiveCfg = AppStore|iPhone
		{1E16499A-8B79-43D4-A599-230F496841F2}.AppStore|Any CPU.Build.0 = AppStore|iPhone
		{1E16499A-8B79-43D4-A599-230F496841F2}.AppStore|Any CPU.Deploy.0 = AppStore|iPhone
		{1E16499A-8B79-43D4-A599-230F496841F2}.AppStore|iPhone.ActiveCfg = AppStore|iPhone
		{1E16499A-8B79-43D4-A599-230F496841F2}.AppStore|iPhone.Build.0 = AppStore|iPhone
		{1E16499A-8B79-43D4-A599-230F496841F2}.AppStore|iPhone.Deploy.0 = AppStore|iPhone
		{1E16499A-8B79-43D4-A599-230F496841F2}.AppStore|iPhoneSimulator.ActiveCfg = AppStore|iPhoneSimulator
		{1E16499A-8B79-43D4-A599-230F496841F2}.AppStore|iPhoneSimulator.Build.0 = AppStore|iPhoneSimulator
		{1E16499A-8B79-43D4-A599-230F496841F2}.AppStore|iPhoneSimulator.Deploy.0 = AppStore|iPhoneSimulator
		{1E16499A-8B79-43D4-A599-230F496841F2}.Debug|Any CPU.ActiveCfg = Debug|iPhoneSimulator
		{1E16499A-8B79-43D4-A599-230F496841F2}.Debug|Any CPU.Build.0 = Debug|iPhoneSimulator
		{1E16499A-8B79-43D4-A599-230F496841F2}.Debug|Any CPU.Deploy.0 = Debug|iPhoneSimulator
		{1E16499A-8B79-43D4-A599-230F496841F2}.Debug|iPhone.ActiveCfg = Debug|iPhone
		{1E16499A-8B79-43D4-A599-230F496841F2}.Debug|iPhone.Build.0 = Debug|iPhone
		{1E16499A-8B79-43D4-A599-230F496841F2}.Debug|iPhone.Deploy.0 = Debug|iPhone
		{1E16499A-8B79-43D4-A599-230F496841F2}.Debug|iPhoneSimulator.ActiveCfg = Debug|iPhoneSimulator
		{1E16499A-8B79-43D4-A599-230F496841F2}.Debug|iPhoneSimulator.Build.0 = Debug|iPhoneSimulator
		{1E16499A-8B79-43D4-A599-230F496841F2}.Debug|iPhoneSimulator.Deploy.0 = Debug|iPhoneSimulator
		{1E16499A-8B79-43D4-A599-230F496841F2}.Release|Any CPU.ActiveCfg = Release|iPhone
		{1E16499A-8B79-43D4-A599-230F496841F2}.Release|Any CPU.Build.0 = Release|iPhone
		{1E16499A-8B79-43D4-A599-230F496841F2}.Release|Any CPU.Deploy.0 = Release|iPhone
		{1E16499A-8B79-43D4-A599-230F496841F2}.Release|iPhone.ActiveCfg = Release|iPhone
		{1E16499A-8B79-43D4-A599-230F496841F2}.Release|iPhone.Build.0 = Release|iPhone
		{1E16499A-8B79-43D4-A599-230F496841F2}.Release|iPhone.Deploy.0 = Release|iPhone
		{1E16499A-8B79-43D4-A599-230F496841F2}.Release|iPhoneSimulator.ActiveCfg = Release|iPhoneSimulator
		{1E16499A-8B79-43D4-A599-230F496841F2}.Release|iPhoneSimulator.Build.0 = Release|iPhoneSimulator
		{1E16499A-8B79-43D4-A599-230F496841F2}.Release|iPhoneSimulator.Deploy.0 = Release|iPhoneSimulator
		{7A659349-0186-4BCF-9E29-28F57ABFE897}.Ad-Hoc|Any CPU.ActiveCfg = Debug|Any CPU
		{7A659349-0186-4BCF-9E29-28F57ABFE897}.Ad-Hoc|Any CPU.Build.0 = Debug|Any CPU
		{7A659349-0186-4BCF-9E29-28F57ABFE897}.Ad-Hoc|Any CPU.Deploy.0 = Debug|Any CPU
		{7A659349-0186-4BCF-9E29-28F57ABFE897}.Ad-Hoc|iPhone.ActiveCfg = Debug|Any CPU
		{7A659349-0186-4BCF-9E29-28F57ABFE897}.Ad-Hoc|iPhone.Build.0 = Debug|Any CPU
		{7A659349-0186-4BCF-9E29-28F57ABFE897}.Ad-Hoc|iPhone.Deploy.0 = Debug|Any CPU
		{7A659349-0186-4BCF-9E29-28F57ABFE897}.Ad-Hoc|iPhoneSimulator.ActiveCfg = Debug|Any CPU
		{7A659349-0186-4BCF-9E29-28F57ABFE897}.Ad-Hoc|iPhoneSimulator.Build.0 = Debug|Any CPU
		{7A659349-0186-4BCF-9E29-28F57ABFE897}.Ad-Hoc|iPhoneSimulator.Deploy.0 = Debug|Any CPU
		{7A659349-0186-4BCF-9E29-28F57ABFE897}.AppStore|Any CPU.ActiveCfg = Debug|Any CPU
		{7A659349-0186-4BCF-9E29-28F57ABFE897}.AppStore|Any CPU.Build.0 = Debug|Any CPU
		{7A659349-0186-4BCF-9E29-28F57ABFE897}.AppStore|Any CPU.Deploy.0 = Debug|Any CPU
		{7A659349-0186-4BCF-9E29-28F57ABFE897}.AppStore|iPhone.ActiveCfg = Debug|Any CPU
		{7A659349-0186-4BCF-9E29-28F57ABFE897}.AppStore|iPhone.Build.0 = Debug|Any CPU
		{7A659349-0186-4BCF-9E29-28F57ABFE897}.AppStore|iPhone.Deploy.0 = Debug|Any CPU
		{7A659349-0186-4BCF-9E29-28F57ABFE897}.AppStore|iPhoneSimulator.ActiveCfg = Debug|Any CPU
		{7A659349-0186-4BCF-9E29-28F57ABFE897}.AppStore|iPhoneSimulator.Build.0 = Debug|Any CPU
		{7A659349-0186-4BCF-9E29-28F57ABFE897}.AppStore|iPhoneSimulator.Deploy.0 = Debug|Any CPU
		{7A659349-0186-4BCF-9E29-28F57ABFE897}.Debug|Any CPU.ActiveCfg = Debug|Any CPU
		{7A659349-0186-4BCF-9E29-28F57ABFE897}.Debug|Any CPU.Build.0 = Debug|Any CPU
		{7A659349-0186-4BCF-9E29-28F57ABFE897}.Debug|Any CPU.Deploy.0 = Debug|Any CPU
		{7A659349-0186-4BCF-9E29-28F57ABFE897}.Debug|iPhone.ActiveCfg = Debug|Any CPU
		{7A659349-0186-4BCF-9E29-28F57ABFE897}.Debug|iPhone.Build.0 = Debug|Any CPU
		{7A659349-0186-4BCF-9E29-28F57ABFE897}.Debug|iPhone.Deploy.0 = Debug|Any CPU
		{7A659349-0186-4BCF-9E29-28F57ABFE897}.Debug|iPhoneSimulator.ActiveCfg = Debug|Any CPU
		{7A659349-0186-4BCF-9E29-28F57ABFE897}.Debug|iPhoneSimulator.Build.0 = Debug|Any CPU
		{7A659349-0186-4BCF-9E29-28F57ABFE897}.Debug|iPhoneSimulator.Deploy.0 = Debug|Any CPU
		{7A659349-0186-4BCF-9E29-28F57ABFE897}.Release|Any CPU.ActiveCfg = Release|Any CPU
		{7A659349-0186-4BCF-9E29-28F57ABFE897}.Release|Any CPU.Build.0 = Release|Any CPU
		{7A659349-0186-4BCF-9E29-28F57ABFE897}.Release|Any CPU.Deploy.0 = Release|Any CPU
		{7A659349-0186-4BCF-9E29-28F57ABFE897}.Release|iPhone.ActiveCfg = Release|Any CPU
		{7A659349-0186-4BCF-9E29-28F57ABFE897}.Release|iPhone.Build.0 = Release|Any CPU
		{7A659349-0186-4BCF-9E29-28F57ABFE897}.Release|iPhone.Deploy.0 = Release|Any CPU
		{7A659349-0186-4BCF-9E29-28F57ABFE897}.Release|iPhoneSimulator.ActiveCfg = Release|Any CPU
		{7A659349-0186-4BCF-9E29-28F57ABFE897}.Release|iPhoneSimulator.Build.0 = Release|Any CPU
		{7A659349-0186-4BCF-9E29-28F57ABFE897}.Release|iPhoneSimulator.Deploy.0 = Release|Any CPU
	EndGlobalSection
	GlobalSection(SolutionProperties) = preSolution
		HideSolutionNode = FALSE
	EndGlobalSection
	GlobalSection(ExtensibilityGlobals) = postSolution
		SolutionGuid = {EB8E7D51-2292-46A2-A907-B6A872F18BD1}
	EndGlobalSection
EndGlobal
